// !$*UTF8*$!
{
	archiveVersion = 1;
	classes = {
	};
	objectVersion = 46;
	objects = {

/* Begin PBXBuildFile section */
		1A0D37361E32ABAB005B9114 /* Assets.xcassets in Resources */ = {isa = PBXBuildFile; fileRef = 1A36D42F1DF86AF40093A411 /* Assets.xcassets */; };
		1A0D37371E32ABAB005B9114 /* Assets.xcassets in Resources */ = {isa = PBXBuildFile; fileRef = 1A36D42F1DF86AF40093A411 /* Assets.xcassets */; };
		1A0D37391E354FCA005B9114 /* AmortizationVC.swift in Sources */ = {isa = PBXBuildFile; fileRef = 1A0D37381E354FCA005B9114 /* AmortizationVC.swift */; };
		1A0D373A1E354FCA005B9114 /* AmortizationVC.swift in Sources */ = {isa = PBXBuildFile; fileRef = 1A0D37381E354FCA005B9114 /* AmortizationVC.swift */; };
		1A0D373B1E354FCA005B9114 /* AmortizationVC.swift in Sources */ = {isa = PBXBuildFile; fileRef = 1A0D37381E354FCA005B9114 /* AmortizationVC.swift */; };
		1A1427E81E2FFFAA00D52F90 /* PreviousExtraPaymentsVC.swift in Sources */ = {isa = PBXBuildFile; fileRef = 1A1427E71E2FFFAA00D52F90 /* PreviousExtraPaymentsVC.swift */; };
		1A1427E91E2FFFAA00D52F90 /* PreviousExtraPaymentsVC.swift in Sources */ = {isa = PBXBuildFile; fileRef = 1A1427E71E2FFFAA00D52F90 /* PreviousExtraPaymentsVC.swift */; };
		1A1427EA1E2FFFAA00D52F90 /* PreviousExtraPaymentsVC.swift in Sources */ = {isa = PBXBuildFile; fileRef = 1A1427E71E2FFFAA00D52F90 /* PreviousExtraPaymentsVC.swift */; };
		1A1427ED1E306ADA00D52F90 /* SettingsVC.swift in Sources */ = {isa = PBXBuildFile; fileRef = 1A1427EC1E306ADA00D52F90 /* SettingsVC.swift */; };
		1A1427EE1E306ADA00D52F90 /* SettingsVC.swift in Sources */ = {isa = PBXBuildFile; fileRef = 1A1427EC1E306ADA00D52F90 /* SettingsVC.swift */; };
		1A1427EF1E306ADA00D52F90 /* SettingsVC.swift in Sources */ = {isa = PBXBuildFile; fileRef = 1A1427EC1E306ADA00D52F90 /* SettingsVC.swift */; };
		1A36D4291DF86AF40093A411 /* AppDelegate.swift in Sources */ = {isa = PBXBuildFile; fileRef = 1A36D4281DF86AF40093A411 /* AppDelegate.swift */; };
		1A36D4301DF86AF40093A411 /* Assets.xcassets in Resources */ = {isa = PBXBuildFile; fileRef = 1A36D42F1DF86AF40093A411 /* Assets.xcassets */; };
		1A36D4331DF86AF40093A411 /* LaunchScreen.storyboard in Resources */ = {isa = PBXBuildFile; fileRef = 1A36D4311DF86AF40093A411 /* LaunchScreen.storyboard */; };
		1A36D43E1DF86AF40093A411 /* MortgageAppTests.swift in Sources */ = {isa = PBXBuildFile; fileRef = 1A36D43D1DF86AF40093A411 /* MortgageAppTests.swift */; };
		1A36D4491DF86AF50093A411 /* MortgageAppUITests.swift in Sources */ = {isa = PBXBuildFile; fileRef = 1A36D4481DF86AF50093A411 /* MortgageAppUITests.swift */; };
		1A36D4581DF86CC00093A411 /* MortgageCalculator.swift in Sources */ = {isa = PBXBuildFile; fileRef = 1A36D4571DF86CC00093A411 /* MortgageCalculator.swift */; };
		1A36D45C1DF895070093A411 /* Mortgage.swift in Sources */ = {isa = PBXBuildFile; fileRef = 1A36D45B1DF895070093A411 /* Mortgage.swift */; };
		1A410D711E2EE8660007B5C0 /* CreateMortgageFVC.swift in Sources */ = {isa = PBXBuildFile; fileRef = 1A410D701E2EE8660007B5C0 /* CreateMortgageFVC.swift */; };
		1A410D751E2EEA300007B5C0 /* CreateMortgageFVC.swift in Sources */ = {isa = PBXBuildFile; fileRef = 1A410D701E2EE8660007B5C0 /* CreateMortgageFVC.swift */; };
		1A410D761E2EEA310007B5C0 /* CreateMortgageFVC.swift in Sources */ = {isa = PBXBuildFile; fileRef = 1A410D701E2EE8660007B5C0 /* CreateMortgageFVC.swift */; };
		1A5BB7FF1E16C3E400B55D11 /* GoogleService-Info.plist in Resources */ = {isa = PBXBuildFile; fileRef = 1A5BB7FE1E16C3E400B55D11 /* GoogleService-Info.plist */; };
		1A5BB8001E16C3E400B55D11 /* GoogleService-Info.plist in Resources */ = {isa = PBXBuildFile; fileRef = 1A5BB7FE1E16C3E400B55D11 /* GoogleService-Info.plist */; };
		1A5BB8011E16C3E400B55D11 /* GoogleService-Info.plist in Resources */ = {isa = PBXBuildFile; fileRef = 1A5BB7FE1E16C3E400B55D11 /* GoogleService-Info.plist */; };
		1A5BB8031E16C9D000B55D11 /* LoginVC.swift in Sources */ = {isa = PBXBuildFile; fileRef = 1A5BB8021E16C9D000B55D11 /* LoginVC.swift */; };
		1A5BB8051E16CD3600B55D11 /* RegisterCredentialsVC.swift in Sources */ = {isa = PBXBuildFile; fileRef = 1A5BB8041E16CD3600B55D11 /* RegisterCredentialsVC.swift */; };
		1A7DE08D1E099EB300E29CED /* ExtraPaymentVC.swift in Sources */ = {isa = PBXBuildFile; fileRef = 1A7DE08C1E099EB300E29CED /* ExtraPaymentVC.swift */; };
		1A80FF7B1DFF0D3800193664 /* MortgageDetailVC.swift in Sources */ = {isa = PBXBuildFile; fileRef = 1A80FF7A1DFF0D3800193664 /* MortgageDetailVC.swift */; };
		1A8D4A241E1C2495000D2592 /* CustomTableViewCell.swift in Sources */ = {isa = PBXBuildFile; fileRef = 1A8D4A231E1C2495000D2592 /* CustomTableViewCell.swift */; };
		1A8D4A251E1C2495000D2592 /* CustomTableViewCell.swift in Sources */ = {isa = PBXBuildFile; fileRef = 1A8D4A231E1C2495000D2592 /* CustomTableViewCell.swift */; };
		1A8D4A261E1C2495000D2592 /* CustomTableViewCell.swift in Sources */ = {isa = PBXBuildFile; fileRef = 1A8D4A231E1C2495000D2592 /* CustomTableViewCell.swift */; };
		1AABB4871DFA06A9006A3B91 /* Amortization.swift in Sources */ = {isa = PBXBuildFile; fileRef = 1AABB4861DFA06A9006A3B91 /* Amortization.swift */; };
		1AB349A91DFF5A1500E76049 /* IntroPVC.swift in Sources */ = {isa = PBXBuildFile; fileRef = 1AB349A81DFF5A1500E76049 /* IntroPVC.swift */; };
		1AB349AF1E006DDD00E76049 /* View1.swift in Sources */ = {isa = PBXBuildFile; fileRef = 1AB349AE1E006DDD00E76049 /* View1.swift */; };
		1AB349B71E0096F800E76049 /* View2.swift in Sources */ = {isa = PBXBuildFile; fileRef = 1AB349B61E0096F800E76049 /* View2.swift */; };
		1AB349B91E009F3300E76049 /* View3.swift in Sources */ = {isa = PBXBuildFile; fileRef = 1AB349B81E009F3300E76049 /* View3.swift */; };
		1AB349BB1E009FA400E76049 /* View4.swift in Sources */ = {isa = PBXBuildFile; fileRef = 1AB349BA1E009FA400E76049 /* View4.swift */; };
		1AB349BD1E00A08400E76049 /* View5.swift in Sources */ = {isa = PBXBuildFile; fileRef = 1AB349BC1E00A08400E76049 /* View5.swift */; };
		1AB349BF1E00A0AD00E76049 /* View6.swift in Sources */ = {isa = PBXBuildFile; fileRef = 1AB349BE1E00A0AD00E76049 /* View6.swift */; };
		1AB349C31E00A10600E76049 /* View7.swift in Sources */ = {isa = PBXBuildFile; fileRef = 1AB349C21E00A10600E76049 /* View7.swift */; };
		1AB349CB1E01BB3A00E76049 /* IntroDetailVC.swift in Sources */ = {isa = PBXBuildFile; fileRef = 1AB349CA1E01BB3A00E76049 /* IntroDetailVC.swift */; };
		1ADD8AB61E397FB400CB8A13 /* Date+calculations.swift in Sources */ = {isa = PBXBuildFile; fileRef = 1ADD8AB51E397FB400CB8A13 /* Date+calculations.swift */; };
		1ADD8AB71E397FB400CB8A13 /* Date+calculations.swift in Sources */ = {isa = PBXBuildFile; fileRef = 1ADD8AB51E397FB400CB8A13 /* Date+calculations.swift */; };
		1ADD8AB81E397FB400CB8A13 /* Date+calculations.swift in Sources */ = {isa = PBXBuildFile; fileRef = 1ADD8AB51E397FB400CB8A13 /* Date+calculations.swift */; };
		1AF882D41E19CB64000CA84F /* Main.storyboard in Resources */ = {isa = PBXBuildFile; fileRef = 1AF882D31E19CB64000CA84F /* Main.storyboard */; };
		1AF882D51E19CB64000CA84F /* Main.storyboard in Resources */ = {isa = PBXBuildFile; fileRef = 1AF882D31E19CB64000CA84F /* Main.storyboard */; };
		1AF882D61E19CB64000CA84F /* Main.storyboard in Resources */ = {isa = PBXBuildFile; fileRef = 1AF882D31E19CB64000CA84F /* Main.storyboard */; };
		1AF882D81E1AC013000CA84F /* MortgageListVC.swift in Sources */ = {isa = PBXBuildFile; fileRef = 1AF882D71E1AC013000CA84F /* MortgageListVC.swift */; };
		1AF882D91E1AC013000CA84F /* MortgageListVC.swift in Sources */ = {isa = PBXBuildFile; fileRef = 1AF882D71E1AC013000CA84F /* MortgageListVC.swift */; };
		1AF882DA1E1AC013000CA84F /* MortgageListVC.swift in Sources */ = {isa = PBXBuildFile; fileRef = 1AF882D71E1AC013000CA84F /* MortgageListVC.swift */; };
		831AB22C1E392FF400863BA0 /* MortgageCalculator.swift in Sources */ = {isa = PBXBuildFile; fileRef = 1A36D4571DF86CC00093A411 /* MortgageCalculator.swift */; };
		831AB22D1E392FF500863BA0 /* MortgageCalculator.swift in Sources */ = {isa = PBXBuildFile; fileRef = 1A36D4571DF86CC00093A411 /* MortgageCalculator.swift */; };
		831AB22E1E392FF800863BA0 /* Mortgage.swift in Sources */ = {isa = PBXBuildFile; fileRef = 1A36D45B1DF895070093A411 /* Mortgage.swift */; };
		831AB22F1E392FF900863BA0 /* Mortgage.swift in Sources */ = {isa = PBXBuildFile; fileRef = 1A36D45B1DF895070093A411 /* Mortgage.swift */; };
		831AB2301E392FFC00863BA0 /* Amortization.swift in Sources */ = {isa = PBXBuildFile; fileRef = 1AABB4861DFA06A9006A3B91 /* Amortization.swift */; };
		831AB2311E392FFD00863BA0 /* Amortization.swift in Sources */ = {isa = PBXBuildFile; fileRef = 1AABB4861DFA06A9006A3B91 /* Amortization.swift */; };
		831AB2321E39300000863BA0 /* AppDelegate.swift in Sources */ = {isa = PBXBuildFile; fileRef = 1A36D4281DF86AF40093A411 /* AppDelegate.swift */; };
		831AB2331E39300100863BA0 /* AppDelegate.swift in Sources */ = {isa = PBXBuildFile; fileRef = 1A36D4281DF86AF40093A411 /* AppDelegate.swift */; };
		831AB2341E39301800863BA0 /* LoginVC.swift in Sources */ = {isa = PBXBuildFile; fileRef = 1A5BB8021E16C9D000B55D11 /* LoginVC.swift */; };
		831AB2351E39301800863BA0 /* RegisterCredentialsVC.swift in Sources */ = {isa = PBXBuildFile; fileRef = 1A5BB8041E16CD3600B55D11 /* RegisterCredentialsVC.swift */; };
		831AB2361E39302600863BA0 /* MortgageDetailVC.swift in Sources */ = {isa = PBXBuildFile; fileRef = 1A80FF7A1DFF0D3800193664 /* MortgageDetailVC.swift */; };
		831AB2371E39302600863BA0 /* ExtraPaymentVC.swift in Sources */ = {isa = PBXBuildFile; fileRef = 1A7DE08C1E099EB300E29CED /* ExtraPaymentVC.swift */; };
		831AB2381E39308100863BA0 /* MortgageDetailVC.swift in Sources */ = {isa = PBXBuildFile; fileRef = 1A80FF7A1DFF0D3800193664 /* MortgageDetailVC.swift */; };
		831AB2391E39309500863BA0 /* ExtraPaymentVC.swift in Sources */ = {isa = PBXBuildFile; fileRef = 1A7DE08C1E099EB300E29CED /* ExtraPaymentVC.swift */; };
		831AB23A1E3930A700863BA0 /* IntroPVC.swift in Sources */ = {isa = PBXBuildFile; fileRef = 1AB349A81DFF5A1500E76049 /* IntroPVC.swift */; };
		831AB23B1E3930AD00863BA0 /* IntroPVC.swift in Sources */ = {isa = PBXBuildFile; fileRef = 1AB349A81DFF5A1500E76049 /* IntroPVC.swift */; };
		831AB23C1E3930AD00863BA0 /* IntroDetailVC.swift in Sources */ = {isa = PBXBuildFile; fileRef = 1AB349CA1E01BB3A00E76049 /* IntroDetailVC.swift */; };
		831AB23D1E3930AD00863BA0 /* View1.swift in Sources */ = {isa = PBXBuildFile; fileRef = 1AB349AE1E006DDD00E76049 /* View1.swift */; };
		831AB23E1E3930AD00863BA0 /* View2.swift in Sources */ = {isa = PBXBuildFile; fileRef = 1AB349B61E0096F800E76049 /* View2.swift */; };
		831AB23F1E3930AD00863BA0 /* View3.swift in Sources */ = {isa = PBXBuildFile; fileRef = 1AB349B81E009F3300E76049 /* View3.swift */; };
		831AB2401E3930AD00863BA0 /* View4.swift in Sources */ = {isa = PBXBuildFile; fileRef = 1AB349BA1E009FA400E76049 /* View4.swift */; };
		831AB2411E3930AD00863BA0 /* View5.swift in Sources */ = {isa = PBXBuildFile; fileRef = 1AB349BC1E00A08400E76049 /* View5.swift */; };
		831AB2421E3930AD00863BA0 /* View6.swift in Sources */ = {isa = PBXBuildFile; fileRef = 1AB349BE1E00A0AD00E76049 /* View6.swift */; };
		831AB2431E3930AD00863BA0 /* View7.swift in Sources */ = {isa = PBXBuildFile; fileRef = 1AB349C21E00A10600E76049 /* View7.swift */; };
		831AB2441E3930C200863BA0 /* IntroDetailVC.swift in Sources */ = {isa = PBXBuildFile; fileRef = 1AB349CA1E01BB3A00E76049 /* IntroDetailVC.swift */; };
		833F9AEA1E3956BF0050D9D8 /* UIColor+themes.swift in Sources */ = {isa = PBXBuildFile; fileRef = 833F9AE91E3956BF0050D9D8 /* UIColor+themes.swift */; };
		833F9AEB1E3956BF0050D9D8 /* UIColor+themes.swift in Sources */ = {isa = PBXBuildFile; fileRef = 833F9AE91E3956BF0050D9D8 /* UIColor+themes.swift */; };
		833F9AEC1E3956BF0050D9D8 /* UIColor+themes.swift in Sources */ = {isa = PBXBuildFile; fileRef = 833F9AE91E3956BF0050D9D8 /* UIColor+themes.swift */; };
		833F9AEE1E3956F10050D9D8 /* UIViewController+keyboard.swift in Sources */ = {isa = PBXBuildFile; fileRef = 833F9AED1E3956F10050D9D8 /* UIViewController+keyboard.swift */; };
		833F9AEF1E3956F10050D9D8 /* UIViewController+keyboard.swift in Sources */ = {isa = PBXBuildFile; fileRef = 833F9AED1E3956F10050D9D8 /* UIViewController+keyboard.swift */; };
		833F9AF01E3956F10050D9D8 /* UIViewController+keyboard.swift in Sources */ = {isa = PBXBuildFile; fileRef = 833F9AED1E3956F10050D9D8 /* UIViewController+keyboard.swift */; };
		833F9AF21E3957580050D9D8 /* UNNotificationRequest+payments.swift in Sources */ = {isa = PBXBuildFile; fileRef = 833F9AF11E3957580050D9D8 /* UNNotificationRequest+payments.swift */; };
		833F9AF31E3957580050D9D8 /* UNNotificationRequest+payments.swift in Sources */ = {isa = PBXBuildFile; fileRef = 833F9AF11E3957580050D9D8 /* UNNotificationRequest+payments.swift */; };
		833F9AF41E3957580050D9D8 /* UNNotificationRequest+payments.swift in Sources */ = {isa = PBXBuildFile; fileRef = 833F9AF11E3957580050D9D8 /* UNNotificationRequest+payments.swift */; };
		836C856B1E41091800C01777 /* RoundedButton.swift in Sources */ = {isa = PBXBuildFile; fileRef = 83A1382E1E3C188300F67EBF /* RoundedButton.swift */; };
		83A1380C1E3BC83E00F67EBF /* Onboarding.storyboard in Resources */ = {isa = PBXBuildFile; fileRef = 83A1380B1E3BC83E00F67EBF /* Onboarding.storyboard */; };
		83A1380D1E3BC83E00F67EBF /* Onboarding.storyboard in Resources */ = {isa = PBXBuildFile; fileRef = 83A1380B1E3BC83E00F67EBF /* Onboarding.storyboard */; };
		83A138101E3BCDA800F67EBF /* Amortization.storyboard in Resources */ = {isa = PBXBuildFile; fileRef = 83A1380F1E3BCDA800F67EBF /* Amortization.storyboard */; };
		83A138111E3BCDA800F67EBF /* Amortization.storyboard in Resources */ = {isa = PBXBuildFile; fileRef = 83A1380F1E3BCDA800F67EBF /* Amortization.storyboard */; };
		83A138141E3BEF6800F67EBF /* ExtraPayments.storyboard in Resources */ = {isa = PBXBuildFile; fileRef = 83A138131E3BEF6800F67EBF /* ExtraPayments.storyboard */; };
		83A138151E3BEF6800F67EBF /* ExtraPayments.storyboard in Resources */ = {isa = PBXBuildFile; fileRef = 83A138131E3BEF6800F67EBF /* ExtraPayments.storyboard */; };
		83A138171E3BF4F900F67EBF /* MortgageDetail.storyboard in Resources */ = {isa = PBXBuildFile; fileRef = 83A138161E3BF4F900F67EBF /* MortgageDetail.storyboard */; };
		83A138181E3BF4F900F67EBF /* MortgageDetail.storyboard in Resources */ = {isa = PBXBuildFile; fileRef = 83A138161E3BF4F900F67EBF /* MortgageDetail.storyboard */; };
		83A1381C1E3BF8B600F67EBF /* PreviousExtraPayments.storyboard in Resources */ = {isa = PBXBuildFile; fileRef = 83A1381B1E3BF8B600F67EBF /* PreviousExtraPayments.storyboard */; };
		83A1381D1E3BF8B600F67EBF /* PreviousExtraPayments.storyboard in Resources */ = {isa = PBXBuildFile; fileRef = 83A1381B1E3BF8B600F67EBF /* PreviousExtraPayments.storyboard */; };
		83A138201E3BFCF200F67EBF /* CreateMortgage.storyboard in Resources */ = {isa = PBXBuildFile; fileRef = 83A1381F1E3BFCF200F67EBF /* CreateMortgage.storyboard */; };
		83A138211E3BFCF200F67EBF /* CreateMortgage.storyboard in Resources */ = {isa = PBXBuildFile; fileRef = 83A1381F1E3BFCF200F67EBF /* CreateMortgage.storyboard */; };
		83A138291E3BFEF500F67EBF /* Login.storyboard in Resources */ = {isa = PBXBuildFile; fileRef = 83A138281E3BFEF500F67EBF /* Login.storyboard */; };
		83A1382A1E3BFEF500F67EBF /* Login.storyboard in Resources */ = {isa = PBXBuildFile; fileRef = 83A138281E3BFEF500F67EBF /* Login.storyboard */; };
		83A1382F1E3C188300F67EBF /* RoundedButton.swift in Sources */ = {isa = PBXBuildFile; fileRef = 83A1382E1E3C188300F67EBF /* RoundedButton.swift */; };
		83D69AA31E3FAE7F00905018 /* BorderedInputView.swift in Sources */ = {isa = PBXBuildFile; fileRef = 83D69AA21E3FAE7F00905018 /* BorderedInputView.swift */; };
		83D69AA51E3FB1ED00905018 /* RegisterInformationVC.swift in Sources */ = {isa = PBXBuildFile; fileRef = 83D69AA41E3FB1ED00905018 /* RegisterInformationVC.swift */; };
		9101B69E65A77A193E63F839 /* Pods_MortgageAppTests.framework in Frameworks */ = {isa = PBXBuildFile; fileRef = DEC64DA83D2664394F9645E6 /* Pods_MortgageAppTests.framework */; };
		D0D4EAD7B6014BECB5CC9200 /* Pods_MortgageAppUITests.framework in Frameworks */ = {isa = PBXBuildFile; fileRef = 88664985621365C37BA174D5 /* Pods_MortgageAppUITests.framework */; };
		FDBCEB14AC085B6713E3B68A /* Pods_MortgageApp.framework in Frameworks */ = {isa = PBXBuildFile; fileRef = 31D6722F3434C4D27B742890 /* Pods_MortgageApp.framework */; };
/* End PBXBuildFile section */

/* Begin PBXContainerItemProxy section */
		1A36D43A1DF86AF40093A411 /* PBXContainerItemProxy */ = {
			isa = PBXContainerItemProxy;
			containerPortal = 1A36D41D1DF86AF40093A411 /* Project object */;
			proxyType = 1;
			remoteGlobalIDString = 1A36D4241DF86AF40093A411;
			remoteInfo = MortgageApp;
		};
		1A36D4451DF86AF40093A411 /* PBXContainerItemProxy */ = {
			isa = PBXContainerItemProxy;
			containerPortal = 1A36D41D1DF86AF40093A411 /* Project object */;
			proxyType = 1;
			remoteGlobalIDString = 1A36D4241DF86AF40093A411;
			remoteInfo = MortgageApp;
		};
/* End PBXContainerItemProxy section */

/* Begin PBXFileReference section */
		1A0D37381E354FCA005B9114 /* AmortizationVC.swift */ = {isa = PBXFileReference; fileEncoding = 4; lastKnownFileType = sourcecode.swift; path = AmortizationVC.swift; sourceTree = "<group>"; };
		1A1427E71E2FFFAA00D52F90 /* PreviousExtraPaymentsVC.swift */ = {isa = PBXFileReference; fileEncoding = 4; lastKnownFileType = sourcecode.swift; path = PreviousExtraPaymentsVC.swift; sourceTree = "<group>"; };
		1A1427EC1E306ADA00D52F90 /* SettingsVC.swift */ = {isa = PBXFileReference; fileEncoding = 4; lastKnownFileType = sourcecode.swift; path = SettingsVC.swift; sourceTree = "<group>"; };
		1A36D4251DF86AF40093A411 /* MortgageApp.app */ = {isa = PBXFileReference; explicitFileType = wrapper.application; includeInIndex = 0; path = MortgageApp.app; sourceTree = BUILT_PRODUCTS_DIR; };
		1A36D4281DF86AF40093A411 /* AppDelegate.swift */ = {isa = PBXFileReference; lastKnownFileType = sourcecode.swift; path = AppDelegate.swift; sourceTree = "<group>"; };
		1A36D42F1DF86AF40093A411 /* Assets.xcassets */ = {isa = PBXFileReference; lastKnownFileType = folder.assetcatalog; path = Assets.xcassets; sourceTree = "<group>"; };
		1A36D4321DF86AF40093A411 /* Base */ = {isa = PBXFileReference; lastKnownFileType = file.storyboard; name = Base; path = Base.lproj/LaunchScreen.storyboard; sourceTree = "<group>"; };
		1A36D4341DF86AF40093A411 /* Info.plist */ = {isa = PBXFileReference; lastKnownFileType = text.plist.xml; path = Info.plist; sourceTree = "<group>"; };
		1A36D4391DF86AF40093A411 /* MortgageAppTests.xctest */ = {isa = PBXFileReference; explicitFileType = wrapper.cfbundle; includeInIndex = 0; path = MortgageAppTests.xctest; sourceTree = BUILT_PRODUCTS_DIR; };
		1A36D43D1DF86AF40093A411 /* MortgageAppTests.swift */ = {isa = PBXFileReference; lastKnownFileType = sourcecode.swift; path = MortgageAppTests.swift; sourceTree = "<group>"; };
		1A36D43F1DF86AF40093A411 /* Info.plist */ = {isa = PBXFileReference; lastKnownFileType = text.plist.xml; path = Info.plist; sourceTree = "<group>"; };
		1A36D4441DF86AF40093A411 /* MortgageAppUITests.xctest */ = {isa = PBXFileReference; explicitFileType = wrapper.cfbundle; includeInIndex = 0; path = MortgageAppUITests.xctest; sourceTree = BUILT_PRODUCTS_DIR; };
		1A36D4481DF86AF50093A411 /* MortgageAppUITests.swift */ = {isa = PBXFileReference; lastKnownFileType = sourcecode.swift; path = MortgageAppUITests.swift; sourceTree = "<group>"; };
		1A36D44A1DF86AF50093A411 /* Info.plist */ = {isa = PBXFileReference; lastKnownFileType = text.plist.xml; path = Info.plist; sourceTree = "<group>"; };
		1A36D4571DF86CC00093A411 /* MortgageCalculator.swift */ = {isa = PBXFileReference; fileEncoding = 4; lastKnownFileType = sourcecode.swift; path = MortgageCalculator.swift; sourceTree = "<group>"; };
		1A36D45B1DF895070093A411 /* Mortgage.swift */ = {isa = PBXFileReference; fileEncoding = 4; lastKnownFileType = sourcecode.swift; path = Mortgage.swift; sourceTree = "<group>"; };
		1A410D701E2EE8660007B5C0 /* CreateMortgageFVC.swift */ = {isa = PBXFileReference; fileEncoding = 4; lastKnownFileType = sourcecode.swift; path = CreateMortgageFVC.swift; sourceTree = "<group>"; };
		1A5BB7FE1E16C3E400B55D11 /* GoogleService-Info.plist */ = {isa = PBXFileReference; fileEncoding = 4; lastKnownFileType = text.plist.xml; path = "GoogleService-Info.plist"; sourceTree = "<group>"; };
		1A5BB8021E16C9D000B55D11 /* LoginVC.swift */ = {isa = PBXFileReference; fileEncoding = 4; lastKnownFileType = sourcecode.swift; path = LoginVC.swift; sourceTree = "<group>"; };
		1A5BB8041E16CD3600B55D11 /* RegisterCredentialsVC.swift */ = {isa = PBXFileReference; fileEncoding = 4; lastKnownFileType = sourcecode.swift; path = RegisterCredentialsVC.swift; sourceTree = "<group>"; };
		1A7DE08C1E099EB300E29CED /* ExtraPaymentVC.swift */ = {isa = PBXFileReference; fileEncoding = 4; lastKnownFileType = sourcecode.swift; path = ExtraPaymentVC.swift; sourceTree = "<group>"; };
		1A80FF7A1DFF0D3800193664 /* MortgageDetailVC.swift */ = {isa = PBXFileReference; fileEncoding = 4; lastKnownFileType = sourcecode.swift; path = MortgageDetailVC.swift; sourceTree = "<group>"; };
		1A8D4A231E1C2495000D2592 /* CustomTableViewCell.swift */ = {isa = PBXFileReference; fileEncoding = 4; lastKnownFileType = sourcecode.swift; path = CustomTableViewCell.swift; sourceTree = "<group>"; };
		1AABB4861DFA06A9006A3B91 /* Amortization.swift */ = {isa = PBXFileReference; fileEncoding = 4; lastKnownFileType = sourcecode.swift; path = Amortization.swift; sourceTree = "<group>"; };
		1AB349A81DFF5A1500E76049 /* IntroPVC.swift */ = {isa = PBXFileReference; fileEncoding = 4; lastKnownFileType = sourcecode.swift; path = IntroPVC.swift; sourceTree = "<group>"; };
		1AB349AE1E006DDD00E76049 /* View1.swift */ = {isa = PBXFileReference; fileEncoding = 4; lastKnownFileType = sourcecode.swift; path = View1.swift; sourceTree = "<group>"; };
		1AB349B61E0096F800E76049 /* View2.swift */ = {isa = PBXFileReference; fileEncoding = 4; lastKnownFileType = sourcecode.swift; path = View2.swift; sourceTree = "<group>"; };
		1AB349B81E009F3300E76049 /* View3.swift */ = {isa = PBXFileReference; fileEncoding = 4; lastKnownFileType = sourcecode.swift; path = View3.swift; sourceTree = "<group>"; };
		1AB349BA1E009FA400E76049 /* View4.swift */ = {isa = PBXFileReference; fileEncoding = 4; lastKnownFileType = sourcecode.swift; path = View4.swift; sourceTree = "<group>"; };
		1AB349BC1E00A08400E76049 /* View5.swift */ = {isa = PBXFileReference; fileEncoding = 4; lastKnownFileType = sourcecode.swift; path = View5.swift; sourceTree = "<group>"; };
		1AB349BE1E00A0AD00E76049 /* View6.swift */ = {isa = PBXFileReference; fileEncoding = 4; lastKnownFileType = sourcecode.swift; path = View6.swift; sourceTree = "<group>"; };
		1AB349C21E00A10600E76049 /* View7.swift */ = {isa = PBXFileReference; fileEncoding = 4; lastKnownFileType = sourcecode.swift; path = View7.swift; sourceTree = "<group>"; };
		1AB349CA1E01BB3A00E76049 /* IntroDetailVC.swift */ = {isa = PBXFileReference; fileEncoding = 4; lastKnownFileType = sourcecode.swift; path = IntroDetailVC.swift; sourceTree = "<group>"; };
		1ADD8AB51E397FB400CB8A13 /* Date+calculations.swift */ = {isa = PBXFileReference; fileEncoding = 4; lastKnownFileType = sourcecode.swift; path = "Date+calculations.swift"; sourceTree = "<group>"; };
		1AEC02891E01D35F000B473A /* MortgageApp-Bridging-Header.h */ = {isa = PBXFileReference; lastKnownFileType = sourcecode.c.h; path = "MortgageApp-Bridging-Header.h"; sourceTree = "<group>"; };
		1AF882D31E19CB64000CA84F /* Main.storyboard */ = {isa = PBXFileReference; fileEncoding = 4; lastKnownFileType = file.storyboard; path = Main.storyboard; sourceTree = "<group>"; };
		1AF882D71E1AC013000CA84F /* MortgageListVC.swift */ = {isa = PBXFileReference; fileEncoding = 4; lastKnownFileType = sourcecode.swift; path = MortgageListVC.swift; sourceTree = "<group>"; };
		226F37C3A03A63A923EAB14F /* Pods-MortgageAppUITests.debug.xcconfig */ = {isa = PBXFileReference; includeInIndex = 1; lastKnownFileType = text.xcconfig; name = "Pods-MortgageAppUITests.debug.xcconfig"; path = "Pods/Target Support Files/Pods-MortgageAppUITests/Pods-MortgageAppUITests.debug.xcconfig"; sourceTree = "<group>"; };
		31D6722F3434C4D27B742890 /* Pods_MortgageApp.framework */ = {isa = PBXFileReference; explicitFileType = wrapper.framework; includeInIndex = 0; path = Pods_MortgageApp.framework; sourceTree = BUILT_PRODUCTS_DIR; };
		361665E4A68BCB7623A2CE65 /* Pods-MortgageApp.debug.xcconfig */ = {isa = PBXFileReference; includeInIndex = 1; lastKnownFileType = text.xcconfig; name = "Pods-MortgageApp.debug.xcconfig"; path = "Pods/Target Support Files/Pods-MortgageApp/Pods-MortgageApp.debug.xcconfig"; sourceTree = "<group>"; };
		55F65F6B9B39C856DCD36446 /* Pods-MortgageApp.release.xcconfig */ = {isa = PBXFileReference; includeInIndex = 1; lastKnownFileType = text.xcconfig; name = "Pods-MortgageApp.release.xcconfig"; path = "Pods/Target Support Files/Pods-MortgageApp/Pods-MortgageApp.release.xcconfig"; sourceTree = "<group>"; };
		6C4CB58B544BA95AAC291678 /* Pods-MortgageAppUITests.release.xcconfig */ = {isa = PBXFileReference; includeInIndex = 1; lastKnownFileType = text.xcconfig; name = "Pods-MortgageAppUITests.release.xcconfig"; path = "Pods/Target Support Files/Pods-MortgageAppUITests/Pods-MortgageAppUITests.release.xcconfig"; sourceTree = "<group>"; };
		833F9AE91E3956BF0050D9D8 /* UIColor+themes.swift */ = {isa = PBXFileReference; fileEncoding = 4; lastKnownFileType = sourcecode.swift; path = "UIColor+themes.swift"; sourceTree = "<group>"; };
		833F9AED1E3956F10050D9D8 /* UIViewController+keyboard.swift */ = {isa = PBXFileReference; fileEncoding = 4; lastKnownFileType = sourcecode.swift; path = "UIViewController+keyboard.swift"; sourceTree = "<group>"; };
		833F9AF11E3957580050D9D8 /* UNNotificationRequest+payments.swift */ = {isa = PBXFileReference; fileEncoding = 4; lastKnownFileType = sourcecode.swift; path = "UNNotificationRequest+payments.swift"; sourceTree = "<group>"; };
		83A1380B1E3BC83E00F67EBF /* Onboarding.storyboard */ = {isa = PBXFileReference; fileEncoding = 4; lastKnownFileType = file.storyboard; path = Onboarding.storyboard; sourceTree = "<group>"; };
		83A1380F1E3BCDA800F67EBF /* Amortization.storyboard */ = {isa = PBXFileReference; fileEncoding = 4; lastKnownFileType = file.storyboard; path = Amortization.storyboard; sourceTree = "<group>"; };
		83A138131E3BEF6800F67EBF /* ExtraPayments.storyboard */ = {isa = PBXFileReference; fileEncoding = 4; lastKnownFileType = file.storyboard; path = ExtraPayments.storyboard; sourceTree = "<group>"; };
		83A138161E3BF4F900F67EBF /* MortgageDetail.storyboard */ = {isa = PBXFileReference; fileEncoding = 4; lastKnownFileType = file.storyboard; path = MortgageDetail.storyboard; sourceTree = "<group>"; };
		83A1381B1E3BF8B600F67EBF /* PreviousExtraPayments.storyboard */ = {isa = PBXFileReference; fileEncoding = 4; lastKnownFileType = file.storyboard; path = PreviousExtraPayments.storyboard; sourceTree = "<group>"; };
		83A1381F1E3BFCF200F67EBF /* CreateMortgage.storyboard */ = {isa = PBXFileReference; fileEncoding = 4; lastKnownFileType = file.storyboard; path = CreateMortgage.storyboard; sourceTree = "<group>"; };
		83A138281E3BFEF500F67EBF /* Login.storyboard */ = {isa = PBXFileReference; fileEncoding = 4; lastKnownFileType = file.storyboard; path = Login.storyboard; sourceTree = "<group>"; };
		83A1382E1E3C188300F67EBF /* RoundedButton.swift */ = {isa = PBXFileReference; fileEncoding = 4; lastKnownFileType = sourcecode.swift; path = RoundedButton.swift; sourceTree = "<group>"; };
		83D69AA21E3FAE7F00905018 /* BorderedInputView.swift */ = {isa = PBXFileReference; fileEncoding = 4; lastKnownFileType = sourcecode.swift; path = BorderedInputView.swift; sourceTree = "<group>"; };
		83D69AA41E3FB1ED00905018 /* RegisterInformationVC.swift */ = {isa = PBXFileReference; fileEncoding = 4; lastKnownFileType = sourcecode.swift; path = RegisterInformationVC.swift; sourceTree = "<group>"; };
		88664985621365C37BA174D5 /* Pods_MortgageAppUITests.framework */ = {isa = PBXFileReference; explicitFileType = wrapper.framework; includeInIndex = 0; path = Pods_MortgageAppUITests.framework; sourceTree = BUILT_PRODUCTS_DIR; };
		A3E27CC53BEBDDD432DC524D /* Pods-MortgageAppTests.debug.xcconfig */ = {isa = PBXFileReference; includeInIndex = 1; lastKnownFileType = text.xcconfig; name = "Pods-MortgageAppTests.debug.xcconfig"; path = "Pods/Target Support Files/Pods-MortgageAppTests/Pods-MortgageAppTests.debug.xcconfig"; sourceTree = "<group>"; };
		AFF1B03AE1DC6E1728B6FD22 /* Pods-MortgageAppTests.release.xcconfig */ = {isa = PBXFileReference; includeInIndex = 1; lastKnownFileType = text.xcconfig; name = "Pods-MortgageAppTests.release.xcconfig"; path = "Pods/Target Support Files/Pods-MortgageAppTests/Pods-MortgageAppTests.release.xcconfig"; sourceTree = "<group>"; };
		DEC64DA83D2664394F9645E6 /* Pods_MortgageAppTests.framework */ = {isa = PBXFileReference; explicitFileType = wrapper.framework; includeInIndex = 0; path = Pods_MortgageAppTests.framework; sourceTree = BUILT_PRODUCTS_DIR; };
/* End PBXFileReference section */

/* Begin PBXFrameworksBuildPhase section */
		1A36D4221DF86AF40093A411 /* Frameworks */ = {
			isa = PBXFrameworksBuildPhase;
			buildActionMask = 2147483647;
			files = (
				FDBCEB14AC085B6713E3B68A /* Pods_MortgageApp.framework in Frameworks */,
			);
			runOnlyForDeploymentPostprocessing = 0;
		};
		1A36D4361DF86AF40093A411 /* Frameworks */ = {
			isa = PBXFrameworksBuildPhase;
			buildActionMask = 2147483647;
			files = (
				9101B69E65A77A193E63F839 /* Pods_MortgageAppTests.framework in Frameworks */,
			);
			runOnlyForDeploymentPostprocessing = 0;
		};
		1A36D4411DF86AF40093A411 /* Frameworks */ = {
			isa = PBXFrameworksBuildPhase;
			buildActionMask = 2147483647;
			files = (
				D0D4EAD7B6014BECB5CC9200 /* Pods_MortgageAppUITests.framework in Frameworks */,
			);
			runOnlyForDeploymentPostprocessing = 0;
		};
/* End PBXFrameworksBuildPhase section */

/* Begin PBXGroup section */
		1A36D41C1DF86AF40093A411 = {
			isa = PBXGroup;
			children = (
				1A36D4271DF86AF40093A411 /* MortgageApp */,
				1A36D4471DF86AF50093A411 /* MortgageAppUITests */,
				1A36D4261DF86AF40093A411 /* Products */,
				5D1A253FFDEE53455B4A0FD4 /* Pods */,
				AAD8C2128B2EC71F24400278 /* Frameworks */,
			);
			sourceTree = "<group>";
		};
		1A36D4261DF86AF40093A411 /* Products */ = {
			isa = PBXGroup;
			children = (
				1A36D4251DF86AF40093A411 /* MortgageApp.app */,
				1A36D4391DF86AF40093A411 /* MortgageAppTests.xctest */,
				1A36D4441DF86AF40093A411 /* MortgageAppUITests.xctest */,
			);
			name = Products;
			sourceTree = "<group>";
		};
		1A36D4271DF86AF40093A411 /* MortgageApp */ = {
			isa = PBXGroup;
			children = (
				83A1382D1E3C187600F67EBF /* Custom */,
				1A36D4561DF86C560093A411 /* Models */,
				833F9AF51E3958820050D9D8 /* Views */,
				833F9AE81E3956310050D9D8 /* Extensions */,
				1A36D4281DF86AF40093A411 /* AppDelegate.swift */,
				1A36D42F1DF86AF40093A411 /* Assets.xcassets */,
				1A36D4311DF86AF40093A411 /* LaunchScreen.storyboard */,
				1AB349C71E01B7F600E76049 /* Supporting Files */,
				1AEC02891E01D35F000B473A /* MortgageApp-Bridging-Header.h */,
				1A36D43C1DF86AF40093A411 /* MortgageAppTests */,
			);
			path = MortgageApp;
			sourceTree = "<group>";
		};
		1A36D43C1DF86AF40093A411 /* MortgageAppTests */ = {
			isa = PBXGroup;
			children = (
				1A36D43D1DF86AF40093A411 /* MortgageAppTests.swift */,
				1A36D43F1DF86AF40093A411 /* Info.plist */,
			);
			path = MortgageAppTests;
			sourceTree = SOURCE_ROOT;
		};
		1A36D4471DF86AF50093A411 /* MortgageAppUITests */ = {
			isa = PBXGroup;
			children = (
				1A36D4481DF86AF50093A411 /* MortgageAppUITests.swift */,
				1A36D44A1DF86AF50093A411 /* Info.plist */,
			);
			path = MortgageAppUITests;
			sourceTree = "<group>";
		};
		1A36D4561DF86C560093A411 /* Models */ = {
			isa = PBXGroup;
			children = (
				1A36D4571DF86CC00093A411 /* MortgageCalculator.swift */,
				1A36D45B1DF895070093A411 /* Mortgage.swift */,
				1AABB4861DFA06A9006A3B91 /* Amortization.swift */,
			);
			name = Models;
			sourceTree = "<group>";
		};
		1AB349C61E00AA9F00E76049 /* IntroNeedsCleanup */ = {
			isa = PBXGroup;
			children = (
				1AB349A81DFF5A1500E76049 /* IntroPVC.swift */,
				1AB349CA1E01BB3A00E76049 /* IntroDetailVC.swift */,
				1AB349AE1E006DDD00E76049 /* View1.swift */,
				1AB349B61E0096F800E76049 /* View2.swift */,
				1AB349B81E009F3300E76049 /* View3.swift */,
				1AB349BA1E009FA400E76049 /* View4.swift */,
				1AB349BC1E00A08400E76049 /* View5.swift */,
				1AB349BE1E00A0AD00E76049 /* View6.swift */,
				1AB349C21E00A10600E76049 /* View7.swift */,
			);
			name = IntroNeedsCleanup;
			sourceTree = "<group>";
		};
		1AB349C71E01B7F600E76049 /* Supporting Files */ = {
			isa = PBXGroup;
			children = (
				1A36D4341DF86AF40093A411 /* Info.plist */,
				1A5BB7FE1E16C3E400B55D11 /* GoogleService-Info.plist */,
			);
			name = "Supporting Files";
			sourceTree = "<group>";
		};
		5D1A253FFDEE53455B4A0FD4 /* Pods */ = {
			isa = PBXGroup;
			children = (
				361665E4A68BCB7623A2CE65 /* Pods-MortgageApp.debug.xcconfig */,
				55F65F6B9B39C856DCD36446 /* Pods-MortgageApp.release.xcconfig */,
				A3E27CC53BEBDDD432DC524D /* Pods-MortgageAppTests.debug.xcconfig */,
				AFF1B03AE1DC6E1728B6FD22 /* Pods-MortgageAppTests.release.xcconfig */,
				226F37C3A03A63A923EAB14F /* Pods-MortgageAppUITests.debug.xcconfig */,
				6C4CB58B544BA95AAC291678 /* Pods-MortgageAppUITests.release.xcconfig */,
			);
			name = Pods;
			sourceTree = "<group>";
		};
		833F9AE81E3956310050D9D8 /* Extensions */ = {
			isa = PBXGroup;
			children = (
				833F9AE91E3956BF0050D9D8 /* UIColor+themes.swift */,
				1ADD8AB51E397FB400CB8A13 /* Date+calculations.swift */,
				833F9AED1E3956F10050D9D8 /* UIViewController+keyboard.swift */,
				833F9AF11E3957580050D9D8 /* UNNotificationRequest+payments.swift */,
			);
			name = Extensions;
			sourceTree = "<group>";
		};
		833F9AF51E3958820050D9D8 /* Views */ = {
			isa = PBXGroup;
			children = (
				83A138271E3BFEA900F67EBF /* Amortization */,
				83A138241E3BFDD100F67EBF /* CreateMortgage */,
				83A138121E3BEF4400F67EBF /* ExtraPayments */,
				833F9AF61E3958A20050D9D8 /* Login */,
				83A138261E3BFE8C00F67EBF /* Main */,
				83A138251E3BFDE900F67EBF /* MortgageDetail */,
				83A1380A1E3BC81B00F67EBF /* Onboarding */,
				83A138231E3BFDB900F67EBF /* PreviousPayments */,
				833F9AF71E3958F10050D9D8 /* Settings */,
				833F9AF91E39597A0050D9D8 /* Table Cells */,
			);
			name = Views;
			sourceTree = "<group>";
		};
		833F9AF61E3958A20050D9D8 /* Login */ = {
			isa = PBXGroup;
			children = (
				83A138281E3BFEF500F67EBF /* Login.storyboard */,
				1A5BB8021E16C9D000B55D11 /* LoginVC.swift */,
				1A5BB8041E16CD3600B55D11 /* RegisterCredentialsVC.swift */,
				83D69AA41E3FB1ED00905018 /* RegisterInformationVC.swift */,
			);
			name = Login;
			sourceTree = "<group>";
		};
		833F9AF71E3958F10050D9D8 /* Settings */ = {
			isa = PBXGroup;
			children = (
				1A1427EC1E306ADA00D52F90 /* SettingsVC.swift */,
			);
			name = Settings;
			sourceTree = "<group>";
		};
		833F9AF91E39597A0050D9D8 /* Table Cells */ = {
			isa = PBXGroup;
			children = (
				1A8D4A231E1C2495000D2592 /* CustomTableViewCell.swift */,
			);
			name = "Table Cells";
			sourceTree = "<group>";
		};
		83A1380A1E3BC81B00F67EBF /* Onboarding */ = {
			isa = PBXGroup;
			children = (
				1AB349C61E00AA9F00E76049 /* IntroNeedsCleanup */,
				83A1380B1E3BC83E00F67EBF /* Onboarding.storyboard */,
			);
			name = Onboarding;
			sourceTree = "<group>";
		};
		83A138121E3BEF4400F67EBF /* ExtraPayments */ = {
			isa = PBXGroup;
			children = (
				83A138131E3BEF6800F67EBF /* ExtraPayments.storyboard */,
				1A7DE08C1E099EB300E29CED /* ExtraPaymentVC.swift */,
			);
			name = ExtraPayments;
			sourceTree = "<group>";
		};
		83A138231E3BFDB900F67EBF /* PreviousPayments */ = {
			isa = PBXGroup;
			children = (
				83A1381B1E3BF8B600F67EBF /* PreviousExtraPayments.storyboard */,
				1A1427E71E2FFFAA00D52F90 /* PreviousExtraPaymentsVC.swift */,
			);
			name = PreviousPayments;
			sourceTree = "<group>";
		};
		83A138241E3BFDD100F67EBF /* CreateMortgage */ = {
			isa = PBXGroup;
			children = (
				83A1381F1E3BFCF200F67EBF /* CreateMortgage.storyboard */,
				1A410D701E2EE8660007B5C0 /* CreateMortgageFVC.swift */,
			);
			name = CreateMortgage;
			sourceTree = "<group>";
		};
		83A138251E3BFDE900F67EBF /* MortgageDetail */ = {
			isa = PBXGroup;
			children = (
				83A138161E3BF4F900F67EBF /* MortgageDetail.storyboard */,
				1A80FF7A1DFF0D3800193664 /* MortgageDetailVC.swift */,
			);
			name = MortgageDetail;
			sourceTree = "<group>";
		};
		83A138261E3BFE8C00F67EBF /* Main */ = {
			isa = PBXGroup;
			children = (
				1AF882D31E19CB64000CA84F /* Main.storyboard */,
				1AF882D71E1AC013000CA84F /* MortgageListVC.swift */,
			);
			name = Main;
			sourceTree = "<group>";
		};
		83A138271E3BFEA900F67EBF /* Amortization */ = {
			isa = PBXGroup;
			children = (
				83A1380F1E3BCDA800F67EBF /* Amortization.storyboard */,
				1A0D37381E354FCA005B9114 /* AmortizationVC.swift */,
			);
			name = Amortization;
			sourceTree = "<group>";
		};
		83A1382D1E3C187600F67EBF /* Custom */ = {
			isa = PBXGroup;
			children = (
				83A1382E1E3C188300F67EBF /* RoundedButton.swift */,
				83D69AA21E3FAE7F00905018 /* BorderedInputView.swift */,
			);
			name = Custom;
			sourceTree = "<group>";
		};
		AAD8C2128B2EC71F24400278 /* Frameworks */ = {
			isa = PBXGroup;
			children = (
				31D6722F3434C4D27B742890 /* Pods_MortgageApp.framework */,
				DEC64DA83D2664394F9645E6 /* Pods_MortgageAppTests.framework */,
				88664985621365C37BA174D5 /* Pods_MortgageAppUITests.framework */,
			);
			name = Frameworks;
			sourceTree = "<group>";
		};
/* End PBXGroup section */

/* Begin PBXNativeTarget section */
		1A36D4241DF86AF40093A411 /* MortgageApp */ = {
			isa = PBXNativeTarget;
			buildConfigurationList = 1A36D44D1DF86AF50093A411 /* Build configuration list for PBXNativeTarget "MortgageApp" */;
			buildPhases = (
				2AE7DB16B554B376530F49A1 /* [CP] Check Pods Manifest.lock */,
				1A36D4211DF86AF40093A411 /* Sources */,
				1A36D4221DF86AF40093A411 /* Frameworks */,
				1A36D4231DF86AF40093A411 /* Resources */,
				8EF1342E2CF037EC2223124A /* [CP] Embed Pods Frameworks */,
				2937A54D9FCA19893721A9A2 /* [CP] Copy Pods Resources */,
			);
			buildRules = (
			);
			dependencies = (
			);
			name = MortgageApp;
			productName = MortgageApp;
			productReference = 1A36D4251DF86AF40093A411 /* MortgageApp.app */;
			productType = "com.apple.product-type.application";
		};
		1A36D4381DF86AF40093A411 /* MortgageAppTests */ = {
			isa = PBXNativeTarget;
			buildConfigurationList = 1A36D4501DF86AF50093A411 /* Build configuration list for PBXNativeTarget "MortgageAppTests" */;
			buildPhases = (
				B7747E1BE5D02AC6A177DEF5 /* [CP] Check Pods Manifest.lock */,
				1A36D4351DF86AF40093A411 /* Sources */,
				1A36D4361DF86AF40093A411 /* Frameworks */,
				1A36D4371DF86AF40093A411 /* Resources */,
				55C45AA87571C3123331E097 /* [CP] Embed Pods Frameworks */,
				2F025FCF96A719786B0C437D /* [CP] Copy Pods Resources */,
			);
			buildRules = (
			);
			dependencies = (
				1A36D43B1DF86AF40093A411 /* PBXTargetDependency */,
			);
			name = MortgageAppTests;
			productName = MortgageAppTests;
			productReference = 1A36D4391DF86AF40093A411 /* MortgageAppTests.xctest */;
			productType = "com.apple.product-type.bundle.unit-test";
		};
		1A36D4431DF86AF40093A411 /* MortgageAppUITests */ = {
			isa = PBXNativeTarget;
			buildConfigurationList = 1A36D4531DF86AF50093A411 /* Build configuration list for PBXNativeTarget "MortgageAppUITests" */;
			buildPhases = (
				4185316B427FE7BCE46D567F /* [CP] Check Pods Manifest.lock */,
				1A36D4401DF86AF40093A411 /* Sources */,
				1A36D4411DF86AF40093A411 /* Frameworks */,
				1A36D4421DF86AF40093A411 /* Resources */,
				FB9974D79DF4D219FFD9E4C3 /* [CP] Embed Pods Frameworks */,
				BB5A846039BE55B7B3265861 /* [CP] Copy Pods Resources */,
			);
			buildRules = (
			);
			dependencies = (
				1A36D4461DF86AF40093A411 /* PBXTargetDependency */,
			);
			name = MortgageAppUITests;
			productName = MortgageAppUITests;
			productReference = 1A36D4441DF86AF40093A411 /* MortgageAppUITests.xctest */;
			productType = "com.apple.product-type.bundle.ui-testing";
		};
/* End PBXNativeTarget section */

/* Begin PBXProject section */
		1A36D41D1DF86AF40093A411 /* Project object */ = {
			isa = PBXProject;
			attributes = {
				LastSwiftUpdateCheck = 0810;
				LastUpgradeCheck = 0820;
				ORGANIZATIONNAME = "Keller Williams Realty, Inc.";
				TargetAttributes = {
					1A36D4241DF86AF40093A411 = {
						CreatedOnToolsVersion = 8.1;
						DevelopmentTeam = 47P2F7XFH5;
						ProvisioningStyle = Automatic;
					};
					1A36D4381DF86AF40093A411 = {
						CreatedOnToolsVersion = 8.1;
						ProvisioningStyle = Automatic;
						TestTargetID = 1A36D4241DF86AF40093A411;
					};
					1A36D4431DF86AF40093A411 = {
						CreatedOnToolsVersion = 8.1;
						ProvisioningStyle = Automatic;
						TestTargetID = 1A36D4241DF86AF40093A411;
					};
				};
			};
			buildConfigurationList = 1A36D4201DF86AF40093A411 /* Build configuration list for PBXProject "MortgageApp" */;
			compatibilityVersion = "Xcode 3.2";
			developmentRegion = English;
			hasScannedForEncodings = 0;
			knownRegions = (
				en,
				Base,
			);
			mainGroup = 1A36D41C1DF86AF40093A411;
			productRefGroup = 1A36D4261DF86AF40093A411 /* Products */;
			projectDirPath = "";
			projectRoot = "";
			targets = (
				1A36D4241DF86AF40093A411 /* MortgageApp */,
				1A36D4381DF86AF40093A411 /* MortgageAppTests */,
				1A36D4431DF86AF40093A411 /* MortgageAppUITests */,
			);
		};
/* End PBXProject section */

/* Begin PBXResourcesBuildPhase section */
		1A36D4231DF86AF40093A411 /* Resources */ = {
			isa = PBXResourcesBuildPhase;
			buildActionMask = 2147483647;
			files = (
				83A138201E3BFCF200F67EBF /* CreateMortgage.storyboard in Resources */,
				1A36D4331DF86AF40093A411 /* LaunchScreen.storyboard in Resources */,
				83A138291E3BFEF500F67EBF /* Login.storyboard in Resources */,
				83A138101E3BCDA800F67EBF /* Amortization.storyboard in Resources */,
				1A5BB7FF1E16C3E400B55D11 /* GoogleService-Info.plist in Resources */,
				83A138171E3BF4F900F67EBF /* MortgageDetail.storyboard in Resources */,
				83A138141E3BEF6800F67EBF /* ExtraPayments.storyboard in Resources */,
				1A36D4301DF86AF40093A411 /* Assets.xcassets in Resources */,
				1AF882D41E19CB64000CA84F /* Main.storyboard in Resources */,
				83A1381C1E3BF8B600F67EBF /* PreviousExtraPayments.storyboard in Resources */,
				83A1380C1E3BC83E00F67EBF /* Onboarding.storyboard in Resources */,
			);
			runOnlyForDeploymentPostprocessing = 0;
		};
		1A36D4371DF86AF40093A411 /* Resources */ = {
			isa = PBXResourcesBuildPhase;
			buildActionMask = 2147483647;
			files = (
				1A5BB8001E16C3E400B55D11 /* GoogleService-Info.plist in Resources */,
				1A0D37361E32ABAB005B9114 /* Assets.xcassets in Resources */,
				1AF882D51E19CB64000CA84F /* Main.storyboard in Resources */,
			);
			runOnlyForDeploymentPostprocessing = 0;
		};
		1A36D4421DF86AF40093A411 /* Resources */ = {
			isa = PBXResourcesBuildPhase;
			buildActionMask = 2147483647;
			files = (
				1A5BB8011E16C3E400B55D11 /* GoogleService-Info.plist in Resources */,
				1A0D37371E32ABAB005B9114 /* Assets.xcassets in Resources */,
				83A138181E3BF4F900F67EBF /* MortgageDetail.storyboard in Resources */,
				83A1380D1E3BC83E00F67EBF /* Onboarding.storyboard in Resources */,
				83A1381D1E3BF8B600F67EBF /* PreviousExtraPayments.storyboard in Resources */,
				1AF882D61E19CB64000CA84F /* Main.storyboard in Resources */,
				83A138111E3BCDA800F67EBF /* Amortization.storyboard in Resources */,
				83A138211E3BFCF200F67EBF /* CreateMortgage.storyboard in Resources */,
				83A138151E3BEF6800F67EBF /* ExtraPayments.storyboard in Resources */,
				83A1382A1E3BFEF500F67EBF /* Login.storyboard in Resources */,
			);
			runOnlyForDeploymentPostprocessing = 0;
		};
/* End PBXResourcesBuildPhase section */

/* Begin PBXShellScriptBuildPhase section */
		2937A54D9FCA19893721A9A2 /* [CP] Copy Pods Resources */ = {
			isa = PBXShellScriptBuildPhase;
			buildActionMask = 2147483647;
			files = (
			);
			inputPaths = (
			);
			name = "[CP] Copy Pods Resources";
			outputPaths = (
			);
			runOnlyForDeploymentPostprocessing = 0;
			shellPath = /bin/sh;
			shellScript = "\"${SRCROOT}/Pods/Target Support Files/Pods-MortgageApp/Pods-MortgageApp-resources.sh\"\n";
			showEnvVarsInLog = 0;
		};
		2AE7DB16B554B376530F49A1 /* [CP] Check Pods Manifest.lock */ = {
			isa = PBXShellScriptBuildPhase;
			buildActionMask = 2147483647;
			files = (
			);
			inputPaths = (
			);
			name = "[CP] Check Pods Manifest.lock";
			outputPaths = (
			);
			runOnlyForDeploymentPostprocessing = 0;
			shellPath = /bin/sh;
			shellScript = "diff \"${PODS_ROOT}/../Podfile.lock\" \"${PODS_ROOT}/Manifest.lock\" > /dev/null\nif [ $? != 0 ] ; then\n    # print error to STDERR\n    echo \"error: The sandbox is not in sync with the Podfile.lock. Run 'pod install' or update your CocoaPods installation.\" >&2\n    exit 1\nfi\n";
			showEnvVarsInLog = 0;
		};
		2F025FCF96A719786B0C437D /* [CP] Copy Pods Resources */ = {
			isa = PBXShellScriptBuildPhase;
			buildActionMask = 2147483647;
			files = (
			);
			inputPaths = (
			);
			name = "[CP] Copy Pods Resources";
			outputPaths = (
			);
			runOnlyForDeploymentPostprocessing = 0;
			shellPath = /bin/sh;
			shellScript = "\"${SRCROOT}/Pods/Target Support Files/Pods-MortgageAppTests/Pods-MortgageAppTests-resources.sh\"\n";
			showEnvVarsInLog = 0;
		};
		4185316B427FE7BCE46D567F /* [CP] Check Pods Manifest.lock */ = {
			isa = PBXShellScriptBuildPhase;
			buildActionMask = 2147483647;
			files = (
			);
			inputPaths = (
			);
			name = "[CP] Check Pods Manifest.lock";
			outputPaths = (
			);
			runOnlyForDeploymentPostprocessing = 0;
			shellPath = /bin/sh;
			shellScript = "diff \"${PODS_ROOT}/../Podfile.lock\" \"${PODS_ROOT}/Manifest.lock\" > /dev/null\nif [ $? != 0 ] ; then\n    # print error to STDERR\n    echo \"error: The sandbox is not in sync with the Podfile.lock. Run 'pod install' or update your CocoaPods installation.\" >&2\n    exit 1\nfi\n";
			showEnvVarsInLog = 0;
		};
		55C45AA87571C3123331E097 /* [CP] Embed Pods Frameworks */ = {
			isa = PBXShellScriptBuildPhase;
			buildActionMask = 2147483647;
			files = (
			);
			inputPaths = (
			);
			name = "[CP] Embed Pods Frameworks";
			outputPaths = (
			);
			runOnlyForDeploymentPostprocessing = 0;
			shellPath = /bin/sh;
			shellScript = "\"${SRCROOT}/Pods/Target Support Files/Pods-MortgageAppTests/Pods-MortgageAppTests-frameworks.sh\"\n";
			showEnvVarsInLog = 0;
		};
		8EF1342E2CF037EC2223124A /* [CP] Embed Pods Frameworks */ = {
			isa = PBXShellScriptBuildPhase;
			buildActionMask = 2147483647;
			files = (
			);
			inputPaths = (
			);
			name = "[CP] Embed Pods Frameworks";
			outputPaths = (
			);
			runOnlyForDeploymentPostprocessing = 0;
			shellPath = /bin/sh;
			shellScript = "\"${SRCROOT}/Pods/Target Support Files/Pods-MortgageApp/Pods-MortgageApp-frameworks.sh\"\n";
			showEnvVarsInLog = 0;
		};
		B7747E1BE5D02AC6A177DEF5 /* [CP] Check Pods Manifest.lock */ = {
			isa = PBXShellScriptBuildPhase;
			buildActionMask = 2147483647;
			files = (
			);
			inputPaths = (
			);
			name = "[CP] Check Pods Manifest.lock";
			outputPaths = (
			);
			runOnlyForDeploymentPostprocessing = 0;
			shellPath = /bin/sh;
			shellScript = "diff \"${PODS_ROOT}/../Podfile.lock\" \"${PODS_ROOT}/Manifest.lock\" > /dev/null\nif [ $? != 0 ] ; then\n    # print error to STDERR\n    echo \"error: The sandbox is not in sync with the Podfile.lock. Run 'pod install' or update your CocoaPods installation.\" >&2\n    exit 1\nfi\n";
			showEnvVarsInLog = 0;
		};
		BB5A846039BE55B7B3265861 /* [CP] Copy Pods Resources */ = {
			isa = PBXShellScriptBuildPhase;
			buildActionMask = 2147483647;
			files = (
			);
			inputPaths = (
			);
			name = "[CP] Copy Pods Resources";
			outputPaths = (
			);
			runOnlyForDeploymentPostprocessing = 0;
			shellPath = /bin/sh;
			shellScript = "\"${SRCROOT}/Pods/Target Support Files/Pods-MortgageAppUITests/Pods-MortgageAppUITests-resources.sh\"\n";
			showEnvVarsInLog = 0;
		};
		FB9974D79DF4D219FFD9E4C3 /* [CP] Embed Pods Frameworks */ = {
			isa = PBXShellScriptBuildPhase;
			buildActionMask = 2147483647;
			files = (
			);
			inputPaths = (
			);
			name = "[CP] Embed Pods Frameworks";
			outputPaths = (
			);
			runOnlyForDeploymentPostprocessing = 0;
			shellPath = /bin/sh;
			shellScript = "\"${SRCROOT}/Pods/Target Support Files/Pods-MortgageAppUITests/Pods-MortgageAppUITests-frameworks.sh\"\n";
			showEnvVarsInLog = 0;
		};
/* End PBXShellScriptBuildPhase section */

/* Begin PBXSourcesBuildPhase section */
		1A36D4211DF86AF40093A411 /* Sources */ = {
			isa = PBXSourcesBuildPhase;
			buildActionMask = 2147483647;
			files = (
				1AABB4871DFA06A9006A3B91 /* Amortization.swift in Sources */,
				1A8D4A241E1C2495000D2592 /* CustomTableViewCell.swift in Sources */,
				1AB349C31E00A10600E76049 /* View7.swift in Sources */,
				1A5BB8031E16C9D000B55D11 /* LoginVC.swift in Sources */,
				833F9AF21E3957580050D9D8 /* UNNotificationRequest+payments.swift in Sources */,
				1A1427ED1E306ADA00D52F90 /* SettingsVC.swift in Sources */,
				833F9AEE1E3956F10050D9D8 /* UIViewController+keyboard.swift in Sources */,
				1A36D4291DF86AF40093A411 /* AppDelegate.swift in Sources */,
				1AB349BB1E009FA400E76049 /* View4.swift in Sources */,
				1A36D4581DF86CC00093A411 /* MortgageCalculator.swift in Sources */,
				1AB349CB1E01BB3A00E76049 /* IntroDetailVC.swift in Sources */,
				83A1382F1E3C188300F67EBF /* RoundedButton.swift in Sources */,
				1A410D711E2EE8660007B5C0 /* CreateMortgageFVC.swift in Sources */,
				1A5BB8051E16CD3600B55D11 /* RegisterCredentialsVC.swift in Sources */,
				1AB349BD1E00A08400E76049 /* View5.swift in Sources */,
				1A36D45C1DF895070093A411 /* Mortgage.swift in Sources */,
				1AB349A91DFF5A1500E76049 /* IntroPVC.swift in Sources */,
				1AB349B91E009F3300E76049 /* View3.swift in Sources */,
				1A1427E81E2FFFAA00D52F90 /* PreviousExtraPaymentsVC.swift in Sources */,
				1A0D37391E354FCA005B9114 /* AmortizationVC.swift in Sources */,
				833F9AEA1E3956BF0050D9D8 /* UIColor+themes.swift in Sources */,
				83D69AA31E3FAE7F00905018 /* BorderedInputView.swift in Sources */,
				1AF882D81E1AC013000CA84F /* MortgageListVC.swift in Sources */,
				1A80FF7B1DFF0D3800193664 /* MortgageDetailVC.swift in Sources */,
				1AB349BF1E00A0AD00E76049 /* View6.swift in Sources */,
				1AB349AF1E006DDD00E76049 /* View1.swift in Sources */,
				83D69AA51E3FB1ED00905018 /* RegisterInformationVC.swift in Sources */,
				1AB349B71E0096F800E76049 /* View2.swift in Sources */,
				1A7DE08D1E099EB300E29CED /* ExtraPaymentVC.swift in Sources */,
				1ADD8AB61E397FB400CB8A13 /* Date+calculations.swift in Sources */,
			);
			runOnlyForDeploymentPostprocessing = 0;
		};
		1A36D4351DF86AF40093A411 /* Sources */ = {
			isa = PBXSourcesBuildPhase;
			buildActionMask = 2147483647;
			files = (
				831AB2381E39308100863BA0 /* MortgageDetailVC.swift in Sources */,
				831AB2321E39300000863BA0 /* AppDelegate.swift in Sources */,
				831AB23A1E3930A700863BA0 /* IntroPVC.swift in Sources */,
				833F9AEF1E3956F10050D9D8 /* UIViewController+keyboard.swift in Sources */,
				1A0D373A1E354FCA005B9114 /* AmortizationVC.swift in Sources */,
				831AB22C1E392FF400863BA0 /* MortgageCalculator.swift in Sources */,
				831AB2441E3930C200863BA0 /* IntroDetailVC.swift in Sources */,
				1A1427E91E2FFFAA00D52F90 /* PreviousExtraPaymentsVC.swift in Sources */,
				1ADD8AB71E397FB400CB8A13 /* Date+calculations.swift in Sources */,
				1A8D4A251E1C2495000D2592 /* CustomTableViewCell.swift in Sources */,
				831AB22E1E392FF800863BA0 /* Mortgage.swift in Sources */,
				833F9AEB1E3956BF0050D9D8 /* UIColor+themes.swift in Sources */,
				1AF882D91E1AC013000CA84F /* MortgageListVC.swift in Sources */,
				831AB2301E392FFC00863BA0 /* Amortization.swift in Sources */,
				831AB2391E39309500863BA0 /* ExtraPaymentVC.swift in Sources */,
				1A36D43E1DF86AF40093A411 /* MortgageAppTests.swift in Sources */,
				833F9AF31E3957580050D9D8 /* UNNotificationRequest+payments.swift in Sources */,
				1A410D751E2EEA300007B5C0 /* CreateMortgageFVC.swift in Sources */,
				1A1427EE1E306ADA00D52F90 /* SettingsVC.swift in Sources */,
			);
			runOnlyForDeploymentPostprocessing = 0;
		};
		1A36D4401DF86AF40093A411 /* Sources */ = {
			isa = PBXSourcesBuildPhase;
			buildActionMask = 2147483647;
			files = (
				831AB2331E39300100863BA0 /* AppDelegate.swift in Sources */,
				831AB23B1E3930AD00863BA0 /* IntroPVC.swift in Sources */,
				831AB2401E3930AD00863BA0 /* View4.swift in Sources */,
				831AB2361E39302600863BA0 /* MortgageDetailVC.swift in Sources */,
				1A0D373B1E354FCA005B9114 /* AmortizationVC.swift in Sources */,
				831AB22D1E392FF500863BA0 /* MortgageCalculator.swift in Sources */,
				831AB2421E3930AD00863BA0 /* View6.swift in Sources */,
				1A1427EA1E2FFFAA00D52F90 /* PreviousExtraPaymentsVC.swift in Sources */,
				1A8D4A261E1C2495000D2592 /* CustomTableViewCell.swift in Sources */,
				831AB23C1E3930AD00863BA0 /* IntroDetailVC.swift in Sources */,
				831AB22F1E392FF900863BA0 /* Mortgage.swift in Sources */,
				833F9AF01E3956F10050D9D8 /* UIViewController+keyboard.swift in Sources */,
				1AF882DA1E1AC013000CA84F /* MortgageListVC.swift in Sources */,
				1ADD8AB81E397FB400CB8A13 /* Date+calculations.swift in Sources */,
				833F9AF41E3957580050D9D8 /* UNNotificationRequest+payments.swift in Sources */,
				831AB2311E392FFD00863BA0 /* Amortization.swift in Sources */,
				831AB2371E39302600863BA0 /* ExtraPaymentVC.swift in Sources */,
				831AB2431E3930AD00863BA0 /* View7.swift in Sources */,
				831AB2341E39301800863BA0 /* LoginVC.swift in Sources */,
				1A36D4491DF86AF50093A411 /* MortgageAppUITests.swift in Sources */,
				831AB23E1E3930AD00863BA0 /* View2.swift in Sources */,
				833F9AEC1E3956BF0050D9D8 /* UIColor+themes.swift in Sources */,
				831AB23F1E3930AD00863BA0 /* View3.swift in Sources */,
				831AB2351E39301800863BA0 /* RegisterCredentialsVC.swift in Sources */,
				1A410D761E2EEA310007B5C0 /* CreateMortgageFVC.swift in Sources */,
				1A1427EF1E306ADA00D52F90 /* SettingsVC.swift in Sources */,
				836C856B1E41091800C01777 /* RoundedButton.swift in Sources */,
				831AB2411E3930AD00863BA0 /* View5.swift in Sources */,
				831AB23D1E3930AD00863BA0 /* View1.swift in Sources */,
			);
			runOnlyForDeploymentPostprocessing = 0;
		};
/* End PBXSourcesBuildPhase section */

/* Begin PBXTargetDependency section */
		1A36D43B1DF86AF40093A411 /* PBXTargetDependency */ = {
			isa = PBXTargetDependency;
			target = 1A36D4241DF86AF40093A411 /* MortgageApp */;
			targetProxy = 1A36D43A1DF86AF40093A411 /* PBXContainerItemProxy */;
		};
		1A36D4461DF86AF40093A411 /* PBXTargetDependency */ = {
			isa = PBXTargetDependency;
			target = 1A36D4241DF86AF40093A411 /* MortgageApp */;
			targetProxy = 1A36D4451DF86AF40093A411 /* PBXContainerItemProxy */;
		};
/* End PBXTargetDependency section */

/* Begin PBXVariantGroup section */
		1A36D4311DF86AF40093A411 /* LaunchScreen.storyboard */ = {
			isa = PBXVariantGroup;
			children = (
				1A36D4321DF86AF40093A411 /* Base */,
			);
			name = LaunchScreen.storyboard;
			sourceTree = "<group>";
		};
/* End PBXVariantGroup section */

/* Begin XCBuildConfiguration section */
		1A36D44B1DF86AF50093A411 /* Debug */ = {
			isa = XCBuildConfiguration;
			buildSettings = {
				ALWAYS_SEARCH_USER_PATHS = NO;
				CLANG_ANALYZER_NONNULL = YES;
				CLANG_CXX_LANGUAGE_STANDARD = "gnu++0x";
				CLANG_CXX_LIBRARY = "libc++";
				CLANG_ENABLE_MODULES = YES;
				CLANG_ENABLE_OBJC_ARC = YES;
				CLANG_WARN_BOOL_CONVERSION = YES;
				CLANG_WARN_CONSTANT_CONVERSION = YES;
				CLANG_WARN_DIRECT_OBJC_ISA_USAGE = YES_ERROR;
				CLANG_WARN_DOCUMENTATION_COMMENTS = YES;
				CLANG_WARN_EMPTY_BODY = YES;
				CLANG_WARN_ENUM_CONVERSION = YES;
				CLANG_WARN_INFINITE_RECURSION = YES;
				CLANG_WARN_INT_CONVERSION = YES;
				CLANG_WARN_OBJC_ROOT_CLASS = YES_ERROR;
				CLANG_WARN_SUSPICIOUS_MOVE = YES;
				CLANG_WARN_SUSPICIOUS_MOVES = YES;
				CLANG_WARN_UNREACHABLE_CODE = YES;
				CLANG_WARN__DUPLICATE_METHOD_MATCH = YES;
				"CODE_SIGN_IDENTITY[sdk=iphoneos*]" = "iPhone Developer";
				COPY_PHASE_STRIP = NO;
				DEBUG_INFORMATION_FORMAT = dwarf;
				ENABLE_STRICT_OBJC_MSGSEND = YES;
				ENABLE_TESTABILITY = YES;
				GCC_C_LANGUAGE_STANDARD = gnu99;
				GCC_DYNAMIC_NO_PIC = NO;
				GCC_NO_COMMON_BLOCKS = YES;
				GCC_OPTIMIZATION_LEVEL = 0;
				GCC_PREPROCESSOR_DEFINITIONS = (
					"DEBUG=1",
					"$(inherited)",
				);
				GCC_WARN_64_TO_32_BIT_CONVERSION = YES;
				GCC_WARN_ABOUT_RETURN_TYPE = YES_ERROR;
				GCC_WARN_UNDECLARED_SELECTOR = YES;
				GCC_WARN_UNINITIALIZED_AUTOS = YES_AGGRESSIVE;
				GCC_WARN_UNUSED_FUNCTION = YES;
				GCC_WARN_UNUSED_VARIABLE = YES;
				IPHONEOS_DEPLOYMENT_TARGET = 10.1;
				MTL_ENABLE_DEBUG_INFO = YES;
				ONLY_ACTIVE_ARCH = YES;
				SDKROOT = iphoneos;
				SWIFT_ACTIVE_COMPILATION_CONDITIONS = DEBUG;
				SWIFT_OBJC_BRIDGING_HEADER = "MortgageApp/MortgageApp-Bridging-Header.h";
				SWIFT_OPTIMIZATION_LEVEL = "-Onone";
				TARGETED_DEVICE_FAMILY = "1,2";
			};
			name = Debug;
		};
		1A36D44C1DF86AF50093A411 /* Release */ = {
			isa = XCBuildConfiguration;
			buildSettings = {
				ALWAYS_SEARCH_USER_PATHS = NO;
				CLANG_ANALYZER_NONNULL = YES;
				CLANG_CXX_LANGUAGE_STANDARD = "gnu++0x";
				CLANG_CXX_LIBRARY = "libc++";
				CLANG_ENABLE_MODULES = YES;
				CLANG_ENABLE_OBJC_ARC = YES;
				CLANG_WARN_BOOL_CONVERSION = YES;
				CLANG_WARN_CONSTANT_CONVERSION = YES;
				CLANG_WARN_DIRECT_OBJC_ISA_USAGE = YES_ERROR;
				CLANG_WARN_DOCUMENTATION_COMMENTS = YES;
				CLANG_WARN_EMPTY_BODY = YES;
				CLANG_WARN_ENUM_CONVERSION = YES;
				CLANG_WARN_INFINITE_RECURSION = YES;
				CLANG_WARN_INT_CONVERSION = YES;
				CLANG_WARN_OBJC_ROOT_CLASS = YES_ERROR;
				CLANG_WARN_SUSPICIOUS_MOVE = YES;
				CLANG_WARN_SUSPICIOUS_MOVES = YES;
				CLANG_WARN_UNREACHABLE_CODE = YES;
				CLANG_WARN__DUPLICATE_METHOD_MATCH = YES;
				"CODE_SIGN_IDENTITY[sdk=iphoneos*]" = "iPhone Developer";
				COPY_PHASE_STRIP = NO;
				DEBUG_INFORMATION_FORMAT = "dwarf-with-dsym";
				ENABLE_NS_ASSERTIONS = NO;
				ENABLE_STRICT_OBJC_MSGSEND = YES;
				GCC_C_LANGUAGE_STANDARD = gnu99;
				GCC_NO_COMMON_BLOCKS = YES;
				GCC_WARN_64_TO_32_BIT_CONVERSION = YES;
				GCC_WARN_ABOUT_RETURN_TYPE = YES_ERROR;
				GCC_WARN_UNDECLARED_SELECTOR = YES;
				GCC_WARN_UNINITIALIZED_AUTOS = YES_AGGRESSIVE;
				GCC_WARN_UNUSED_FUNCTION = YES;
				GCC_WARN_UNUSED_VARIABLE = YES;
				IPHONEOS_DEPLOYMENT_TARGET = 10.1;
				MTL_ENABLE_DEBUG_INFO = NO;
				SDKROOT = iphoneos;
				SWIFT_OBJC_BRIDGING_HEADER = "MortgageApp/MortgageApp-Bridging-Header.h";
				SWIFT_OPTIMIZATION_LEVEL = "-Owholemodule";
				TARGETED_DEVICE_FAMILY = "1,2";
				VALIDATE_PRODUCT = YES;
			};
			name = Release;
		};
		1A36D44E1DF86AF50093A411 /* Debug */ = {
			isa = XCBuildConfiguration;
			baseConfigurationReference = 361665E4A68BCB7623A2CE65 /* Pods-MortgageApp.debug.xcconfig */;
			buildSettings = {
				ALWAYS_EMBED_SWIFT_STANDARD_LIBRARIES = YES;
				ASSETCATALOG_COMPILER_APPICON_NAME = AppIcon;
				DEVELOPMENT_TEAM = 47P2F7XFH5;
				INFOPLIST_FILE = MortgageApp/Info.plist;
				LD_RUNPATH_SEARCH_PATHS = "$(inherited) @executable_path/Frameworks";
				PRODUCT_BUNDLE_IDENTIFIER = kw.MortgageApp;
				PRODUCT_NAME = "$(TARGET_NAME)";
				SWIFT_VERSION = 3.0;
			};
			name = Debug;
		};
		1A36D44F1DF86AF50093A411 /* Release */ = {
			isa = XCBuildConfiguration;
			baseConfigurationReference = 55F65F6B9B39C856DCD36446 /* Pods-MortgageApp.release.xcconfig */;
			buildSettings = {
				ALWAYS_EMBED_SWIFT_STANDARD_LIBRARIES = YES;
				ASSETCATALOG_COMPILER_APPICON_NAME = AppIcon;
				DEVELOPMENT_TEAM = 47P2F7XFH5;
				INFOPLIST_FILE = MortgageApp/Info.plist;
				LD_RUNPATH_SEARCH_PATHS = "$(inherited) @executable_path/Frameworks";
				PRODUCT_BUNDLE_IDENTIFIER = kw.MortgageApp;
				PRODUCT_NAME = "$(TARGET_NAME)";
				SWIFT_VERSION = 3.0;
			};
			name = Release;
		};
		1A36D4511DF86AF50093A411 /* Debug */ = {
			isa = XCBuildConfiguration;
			baseConfigurationReference = A3E27CC53BEBDDD432DC524D /* Pods-MortgageAppTests.debug.xcconfig */;
			buildSettings = {
				ALWAYS_EMBED_SWIFT_STANDARD_LIBRARIES = "$(inherited)";
				BUNDLE_LOADER = "$(TEST_HOST)";
				INFOPLIST_FILE = MortgageAppTests/Info.plist;
				LD_RUNPATH_SEARCH_PATHS = "$(inherited) @executable_path/Frameworks @loader_path/Frameworks";
				PRODUCT_BUNDLE_IDENTIFIER = kw.MortgageAppTests;
				PRODUCT_NAME = "$(TARGET_NAME)";
				SWIFT_VERSION = 3.0;
				TEST_HOST = "$(BUILT_PRODUCTS_DIR)/MortgageApp.app/MortgageApp";
			};
			name = Debug;
		};
		1A36D4521DF86AF50093A411 /* Release */ = {
			isa = XCBuildConfiguration;
			baseConfigurationReference = AFF1B03AE1DC6E1728B6FD22 /* Pods-MortgageAppTests.release.xcconfig */;
			buildSettings = {
				ALWAYS_EMBED_SWIFT_STANDARD_LIBRARIES = "$(inherited)";
				BUNDLE_LOADER = "$(TEST_HOST)";
				INFOPLIST_FILE = MortgageAppTests/Info.plist;
				LD_RUNPATH_SEARCH_PATHS = "$(inherited) @executable_path/Frameworks @loader_path/Frameworks";
				PRODUCT_BUNDLE_IDENTIFIER = kw.MortgageAppTests;
				PRODUCT_NAME = "$(TARGET_NAME)";
				SWIFT_VERSION = 3.0;
				TEST_HOST = "$(BUILT_PRODUCTS_DIR)/MortgageApp.app/MortgageApp";
			};
			name = Release;
		};
		1A36D4541DF86AF50093A411 /* Debug */ = {
			isa = XCBuildConfiguration;
			baseConfigurationReference = 226F37C3A03A63A923EAB14F /* Pods-MortgageAppUITests.debug.xcconfig */;
			buildSettings = {
				ALWAYS_EMBED_SWIFT_STANDARD_LIBRARIES = YES;
				INFOPLIST_FILE = MortgageAppUITests/Info.plist;
				LD_RUNPATH_SEARCH_PATHS = "$(inherited) @executable_path/Frameworks @loader_path/Frameworks";
				PRODUCT_BUNDLE_IDENTIFIER = kw.MortgageAppUITests;
				PRODUCT_NAME = "$(TARGET_NAME)";
				SWIFT_VERSION = 3.0;
				TEST_TARGET_NAME = MortgageApp;
			};
			name = Debug;
		};
		1A36D4551DF86AF50093A411 /* Release */ = {
			isa = XCBuildConfiguration;
			baseConfigurationReference = 6C4CB58B544BA95AAC291678 /* Pods-MortgageAppUITests.release.xcconfig */;
			buildSettings = {
				ALWAYS_EMBED_SWIFT_STANDARD_LIBRARIES = YES;
				INFOPLIST_FILE = MortgageAppUITests/Info.plist;
				LD_RUNPATH_SEARCH_PATHS = "$(inherited) @executable_path/Frameworks @loader_path/Frameworks";
				PRODUCT_BUNDLE_IDENTIFIER = kw.MortgageAppUITests;
				PRODUCT_NAME = "$(TARGET_NAME)";
				SWIFT_VERSION = 3.0;
				TEST_TARGET_NAME = MortgageApp;
			};
			name = Release;
		};
/* End XCBuildConfiguration section */

/* Begin XCConfigurationList section */
		1A36D4201DF86AF40093A411 /* Build configuration list for PBXProject "MortgageApp" */ = {
			isa = XCConfigurationList;
			buildConfigurations = (
				1A36D44B1DF86AF50093A411 /* Debug */,
				1A36D44C1DF86AF50093A411 /* Release */,
			);
			defaultConfigurationIsVisible = 0;
			defaultConfigurationName = Release;
		};
		1A36D44D1DF86AF50093A411 /* Build configuration list for PBXNativeTarget "MortgageApp" */ = {
			isa = XCConfigurationList;
			buildConfigurations = (
				1A36D44E1DF86AF50093A411 /* Debug */,
				1A36D44F1DF86AF50093A411 /* Release */,
			);
			defaultConfigurationIsVisible = 0;
			defaultConfigurationName = Release;
		};
		1A36D4501DF86AF50093A411 /* Build configuration list for PBXNativeTarget "MortgageAppTests" */ = {
			isa = XCConfigurationList;
			buildConfigurations = (
				1A36D4511DF86AF50093A411 /* Debug */,
				1A36D4521DF86AF50093A411 /* Release */,
			);
			defaultConfigurationIsVisible = 0;
			defaultConfigurationName = Release;
		};
		1A36D4531DF86AF50093A411 /* Build configuration list for PBXNativeTarget "MortgageAppUITests" */ = {
			isa = XCConfigurationList;
			buildConfigurations = (
				1A36D4541DF86AF50093A411 /* Debug */,
				1A36D4551DF86AF50093A411 /* Release */,
			);
			defaultConfigurationIsVisible = 0;
			defaultConfigurationName = Release;
		};
/* End XCConfigurationList section */
	};
	rootObject = 1A36D41D1DF86AF40093A411 /* Project object */;
}
